// !$*UTF8*$!
{
	archiveVersion = 1;
	classes = {
	};
	objectVersion = 46;
	objects = {

/* Begin PBXBuildFile section */
		88B843A61F50922000D46079 /* AppDelegate.swift in Sources */ = {isa = PBXBuildFile; fileRef = 88B843A51F50922000D46079 /* AppDelegate.swift */; };
		88B843A81F50922000D46079 /* ViewController.swift in Sources */ = {isa = PBXBuildFile; fileRef = 88B843A71F50922000D46079 /* ViewController.swift */; };
		88B843AB1F50922000D46079 /* Main.storyboard in Resources */ = {isa = PBXBuildFile; fileRef = 88B843A91F50922000D46079 /* Main.storyboard */; };
		88B843AD1F50922000D46079 /* Assets.xcassets in Resources */ = {isa = PBXBuildFile; fileRef = 88B843AC1F50922000D46079 /* Assets.xcassets */; };
		88B843B01F50922000D46079 /* LaunchScreen.storyboard in Resources */ = {isa = PBXBuildFile; fileRef = 88B843AE1F50922000D46079 /* LaunchScreen.storyboard */; };
/* End PBXBuildFile section */

/* Begin PBXFileReference section */
		88B843A21F50922000D46079 /* MotivationalQuotes.app */ = {isa = PBXFileReference; explicitFileType = wrapper.application; includeInIndex = 0; path = MotivationalQuotes.app; sourceTree = BUILT_PRODUCTS_DIR; };
		88B843A51F50922000D46079 /* AppDelegate.swift */ = {isa = PBXFileReference; lastKnownFileType = sourcecode.swift; path = AppDelegate.swift; sourceTree = "<group>"; };
		88B843A71F50922000D46079 /* ViewController.swift */ = {isa = PBXFileReference; lastKnownFileType = sourcecode.swift; path = ViewController.swift; sourceTree = "<group>"; };
		88B843AA1F50922000D46079 /* Base */ = {isa = PBXFileReference; lastKnownFileType = file.storyboard; name = Base; path = Base.lproj/Main.storyboard; sourceTree = "<group>"; };
		88B843AC1F50922000D46079 /* Assets.xcassets */ = {isa = PBXFileReference; lastKnownFileType = folder.assetcatalog; path = Assets.xcassets; sourceTree = "<group>"; };
		88B843AF1F50922000D46079 /* Base */ = {isa = PBXFileReference; lastKnownFileType = file.storyboard; name = Base; path = Base.lproj/LaunchScreen.storyboard; sourceTree = "<group>"; };
		88B843B11F50922000D46079 /* Info.plist */ = {isa = PBXFileReference; lastKnownFileType = text.plist.xml; path = Info.plist; sourceTree = "<group>"; };
/* End PBXFileReference section */

/* Begin PBXFrameworksBuildPhase section */
		88B8439F1F50922000D46079 /* Frameworks */ = {
			isa = PBXFrameworksBuildPhase;
			buildActionMask = 2147483647;
			files = (
			);
			runOnlyForDeploymentPostprocessing = 0;
		};
/* End PBXFrameworksBuildPhase section */

/* Begin PBXGroup section */
		88B843991F50922000D46079 = {
			isa = PBXGroup;
			children = (
				88B843A41F50922000D46079 /* MotivationalQuotes */,
				88B843A31F50922000D46079 /* Products */,
			);
			sourceTree = "<group>";
		};
		88B843A31F50922000D46079 /* Products */ = {
			isa = PBXGroup;
			children = (
				88B843A21F50922000D46079 /* MotivationalQuotes.app */,
			);
			name = Products;
			sourceTree = "<group>";
		};
		88B843A41F50922000D46079 /* MotivationalQuotes */ = {
			isa = PBXGroup;
			children = (
				88B843A51F50922000D46079 /* AppDelegate.swift */,
				88B843A71F50922000D46079 /* ViewController.swift */,
				88B843A91F50922000D46079 /* Main.storyboard */,
				88B843AC1F50922000D46079 /* Assets.xcassets */,
				88B843AE1F50922000D46079 /* LaunchScreen.storyboard */,
				88B843B11F50922000D46079 /* Info.plist */,
			);
			path = MotivationalQuotes;
			sourceTree = "<group>";
		};
/* End PBXGroup section */

/* Begin PBXNativeTarget section */
		88B843A11F50922000D46079 /* MotivationalQuotes */ = {
			isa = PBXNativeTarget;
			buildConfigurationList = 88B843B41F50922000D46079 /* Build configuration list for PBXNativeTarget "MotivationalQuotes" */;
			buildPhases = (
				88B8439E1F50922000D46079 /* Sources */,
				88B8439F1F50922000D46079 /* Frameworks */,
				88B843A01F50922000D46079 /* Resources */,
			);
			buildRules = (
			);
			dependencies = (
			);
			name = MotivationalQuotes;
			productName = MotivationalQuotes;
			productReference = 88B843A21F50922000D46079 /* MotivationalQuotes.app */;
			productType = "com.apple.product-type.application";
		};
/* End PBXNativeTarget section */

/* Begin PBXProject section */
		88B8439A1F50922000D46079 /* Project object */ = {
			isa = PBXProject;
			attributes = {
				LastSwiftUpdateCheck = 0830;
				LastUpgradeCheck = 0830;
				ORGANIZATIONNAME = Appybuildmore;
				TargetAttributes = {
					88B843A11F50922000D46079 = {
						CreatedOnToolsVersion = 8.3.3;
						DevelopmentTeam = YRMU5C8C32;
						ProvisioningStyle = Automatic;
					};
				};
			};
			buildConfigurationList = 88B8439D1F50922000D46079 /* Build configuration list for PBXProject "MotivationalQuotes" */;
			compatibilityVersion = "Xcode 3.2";
			developmentRegion = English;
			hasScannedForEncodings = 0;
			knownRegions = (
				en,
				Base,
			);
			mainGroup = 88B843991F50922000D46079;
			productRefGroup = 88B843A31F50922000D46079 /* Products */;
			projectDirPath = "";
			projectRoot = "";
			targets = (
				88B843A11F50922000D46079 /* MotivationalQuotes */,
			);
		};
/* End PBXProject section */

/* Begin PBXResourcesBuildPhase section */
		88B843A01F50922000D46079 /* Resources */ = {
			isa = PBXResourcesBuildPhase;
			buildActionMask = 2147483647;
			files = (
				88B843B01F50922000D46079 /* LaunchScreen.storyboard in Resources */,
				88B843AD1F50922000D46079 /* Assets.xcassets in Resources */,
				88B843AB1F50922000D46079 /* Main.storyboard in Resources */,
			);
			runOnlyForDeploymentPostprocessing = 0;
		};
/* End PBXResourcesBuildPhase section */

/* Begin PBXSourcesBuildPhase section */
		88B8439E1F50922000D46079 /* Sources */ = {
			isa = PBXSourcesBuildPhase;
			buildActionMask = 2147483647;
			files = (
				88B843A81F50922000D46079 /* ViewController.swift in Sources */,
				88B843A61F50922000D46079 /* AppDelegate.swift in Sources */,
			);
			runOnlyForDeploymentPostprocessing = 0;
		};
/* End PBXSourcesBuildPhase section */

/* Begin PBXVariantGroup section */
		88B843A91F50922000D46079 /* Main.storyboard */ = {
			isa = PBXVariantGroup;
			children = (
				88B843AA1F50922000D46079 /* Base */,
			);
			name = Main.storyboard;
			sourceTree = "<group>";
		};
		88B843AE1F50922000D46079 /* LaunchScreen.storyboard */ = {
			isa = PBXVariantGroup;
			children = (
				88B843AF1F50922000D46079 /* Base */,
			);
			name = LaunchScreen.storyboard;
			sourceTree = "<group>";
		};
/* End PBXVariantGroup section */

/* Begin XCBuildConfiguration section */
		88B843B21F50922000D46079 /* Debug */ = {
			isa = XCBuildConfiguration;
			buildSettings = {
				ALWAYS_SEARCH_USER_PATHS = NO;
				CLANG_ANALYZER_NONNULL = YES;
				CLANG_ANALYZER_NUMBER_OBJECT_CONVERSION = YES_AGGRESSIVE;
				CLANG_CXX_LANGUAGE_STANDARD = "gnu++0x";
				CLANG_CXX_LIBRARY = "libc++";
				CLANG_ENABLE_MODULES = YES;
				CLANG_ENABLE_OBJC_ARC = YES;
				CLANG_WARN_BOOL_CONVERSION = YES;
				CLANG_WARN_CONSTANT_CONVERSION = YES;
				CLANG_WARN_DIRECT_OBJC_ISA_USAGE = YES_ERROR;
				CLANG_WARN_DOCUMENTATION_COMMENTS = YES;
				CLANG_WARN_EMPTY_BODY = YES;
				CLANG_WARN_ENUM_CONVERSION = YES;
				CLANG_WARN_INFINITE_RECURSION = YES;
				CLANG_WARN_INT_CONVERSION = YES;
				CLANG_WARN_OBJC_ROOT_CLASS = YES_ERROR;
				CLANG_WARN_SUSPICIOUS_MOVE = YES;
				CLANG_WARN_UNREACHABLE_CODE = YES;
				CLANG_WARN__DUPLICATE_METHOD_MATCH = YES;
				"CODE_SIGN_IDENTITY[sdk=iphoneos*]" = "iPhone Developer";
				COPY_PHASE_STRIP = NO;
				DEBUG_INFORMATION_FORMAT = dwarf;
				ENABLE_STRICT_OBJC_MSGSEND = YES;
				ENABLE_TESTABILITY = YES;
				GCC_C_LANGUAGE_STANDARD = gnu99;
				GCC_DYNAMIC_NO_PIC = NO;
				GCC_NO_COMMON_BLOCKS = YES;
				GCC_OPTIMIZATION_LEVEL = 0;
				GCC_PREPROCESSOR_DEFINITIONS = (
					"DEBUG=1",
					"$(inherited)",
				);
				GCC_WARN_64_TO_32_BIT_CONVERSION = YES;
				GCC_WARN_ABOUT_RETURN_TYPE = YES_ERROR;
				GCC_WARN_UNDECLARED_SELECTOR = YES;
				GCC_WARN_UNINITIALIZED_AUTOS = YES_AGGRESSIVE;
				GCC_WARN_UNUSED_FUNCTION = YES;
				GCC_WARN_UNUSED_VARIABLE = YES;
				IPHONEOS_DEPLOYMENT_TARGET = 10.3;
				MTL_ENABLE_DEBUG_INFO = YES;
				ONLY_ACTIVE_ARCH = YES;
				SDKROOT = iphoneos;
				SWIFT_ACTIVE_COMPILATION_CONDITIONS = DEBUG;
				SWIFT_OPTIMIZATION_LEVEL = "-Onone";
			};
			name = Debug;
		};
		88B843B31F50922000D46079 /* Release */ = {
			isa = XCBuildConfiguration;
			buildSettings = {
				ALWAYS_SEARCH_USER_PATHS = NO;
				CLANG_ANALYZER_NONNULL = YES;
				CLANG_ANALYZER_NUMBER_OBJECT_CONVERSION = YES_AGGRESSIVE;
				CLANG_CXX_LANGUAGE_STANDARD = "gnu++0x";
				CLANG_CXX_LIBRARY = "libc++";
				CLANG_ENABLE_MODULES = YES;
				CLANG_ENABLE_OBJC_ARC = YES;
				CLANG_WARN_BOOL_CONVERSION = YES;
				CLANG_WARN_CONSTANT_CONVERSION = YES;
				CLANG_WARN_DIRECT_OBJC_ISA_USAGE = YES_ERROR;
				CLANG_WARN_DOCUMENTATION_COMMENTS = YES;
				CLANG_WARN_EMPTY_BODY = YES;
				CLANG_WARN_ENUM_CONVERSION = YES;
				CLANG_WARN_INFINITE_RECURSION = YES;
				CLANG_WARN_INT_CONVERSION = YES;
				CLANG_WARN_OBJC_ROOT_CLASS = YES_ERROR;
				CLANG_WARN_SUSPICIOUS_MOVE = YES;
				CLANG_WARN_UNREACHABLE_CODE = YES;
				CLANG_WARN__DUPLICATE_METHOD_MATCH = YES;
				"CODE_SIGN_IDENTITY[sdk=iphoneos*]" = "iPhone Developer";
				COPY_PHASE_STRIP = NO;
				DEBUG_INFORMATION_FORMAT = "dwarf-with-dsym";
				ENABLE_NS_ASSERTIONS = NO;
				ENABLE_STRICT_OBJC_MSGSEND = YES;
				GCC_C_LANGUAGE_STANDARD = gnu99;
				GCC_NO_COMMON_BLOCKS = YES;
				GCC_WARN_64_TO_32_BIT_CONVERSION = YES;
				GCC_WARN_ABOUT_RETURN_TYPE = YES_ERROR;
				GCC_WARN_UNDECLARED_SELECTOR = YES;
				GCC_WARN_UNINITIALIZED_AUTOS = YES_AGGRESSIVE;
				GCC_WARN_UNUSED_FUNCTION = YES;
				GCC_WARN_UNUSED_VARIABLE = YES;
				IPHONEOS_DEPLOYMENT_TARGET = 10.3;
				MTL_ENABLE_DEBUG_INFO = NO;
				SDKROOT = iphoneos;
				SWIFT_OPTIMIZATION_LEVEL = "-Owholemodule";
				VALIDATE_PRODUCT = YES;
			};
			name = Release;
		};
		88B843B51F50922000D46079 /* Debug */ = {
			isa = XCBuildConfiguration;
			buildSettings = {
				ASSETCATALOG_COMPILER_APPICON_NAME = AppIcon;
				DEVELOPMENT_TEAM = YRMU5C8C32;
				INFOPLIST_FILE = MotivationalQuotes/Info.plist;
				LD_RUNPATH_SEARCH_PATHS = "$(inherited) @executable_path/Frameworks";
				PRODUCT_BUNDLE_IDENTIFIER = com.appybuildmore.MotivationalQuotes;
				PRODUCT_NAME = "$(TARGET_NAME)";
				SWIFT_VERSION = 3.0;
			};
			name = Debug;
		};
		88B843B61F50922000D46079 /* Release */ = {
			isa = XCBuildConfiguration;
			buildSettings = {
				ASSETCATALOG_COMPILER_APPICON_NAME = AppIcon;
				DEVELOPMENT_TEAM = YRMU5C8C32;
				INFOPLIST_FILE = MotivationalQuotes/Info.plist;
				LD_RUNPATH_SEARCH_PATHS = "$(inherited) @executable_path/Frameworks";
				PRODUCT_BUNDLE_IDENTIFIER = com.appybuildmore.MotivationalQuotes;
				PRODUCT_NAME = "$(TARGET_NAME)";
				SWIFT_VERSION = 3.0;
			};
			name = Release;
		};
/* End XCBuildConfiguration section */

/* Begin XCConfigurationList section */
		88B8439D1F50922000D46079 /* Build configuration list for PBXProject "MotivationalQuotes" */ = {
			isa = XCConfigurationList;
			buildConfigurations = (
				88B843B21F50922000D46079 /* Debug */,
				88B843B31F50922000D46079 /* Release */,
			);
			defaultConfigurationIsVisible = 0;
			defaultConfigurationName = Release;
		};
		88B843B41F50922000D46079 /* Build configuration list for PBXNativeTarget "MotivationalQuotes" */ = {
			isa = XCConfigurationList;
			buildConfigurations = (
				88B843B51F50922000D46079 /* Debug */,
				88B843B61F50922000D46079 /* Release */,
			);
			defaultConfigurationIsVisible = 0;
		};
/* End XCConfigurationList section */
	};
	rootObject = 88B8439A1F50922000D46079 /* Project object */;
}
